// !$*UTF8*$!
{
	archiveVersion = 1;
	classes = {
	};
	objectVersion = 46;
	objects = {

/* Begin PBXBuildFile section */
		3A3BBDF51C7A31F300A93376 /* AppDelegate.m in Sources */ = {isa = PBXBuildFile; fileRef = 3A3BBDF41C7A31F300A93376 /* AppDelegate.m */; };
		3A3BBDF81C7A31F300A93376 /* main.m in Sources */ = {isa = PBXBuildFile; fileRef = 3A3BBDF71C7A31F300A93376 /* main.m */; };
		3A3BBDFA1C7A31F300A93376 /* Assets.xcassets in Resources */ = {isa = PBXBuildFile; fileRef = 3A3BBDF91C7A31F300A93376 /* Assets.xcassets */; };
		3A3BBDFD1C7A31F300A93376 /* MainMenu.xib in Resources */ = {isa = PBXBuildFile; fileRef = 3A3BBDFB1C7A31F300A93376 /* MainMenu.xib */; };
		3A3BBE081C7A31F300A93376 /* OrthoCtrlTests.m in Sources */ = {isa = PBXBuildFile; fileRef = 3A3BBE071C7A31F300A93376 /* OrthoCtrlTests.m */; };
		3A3BBE131C7A31F300A93376 /* OrthoCtrlUITests.m in Sources */ = {isa = PBXBuildFile; fileRef = 3A3BBE121C7A31F300A93376 /* OrthoCtrlUITests.m */; };
		3A8EBCFA1C7A5790005D1235 /* DDHotKey in Resources */ = {isa = PBXBuildFile; fileRef = 3A8EBCF91C7A5790005D1235 /* DDHotKey */; };
		3A8EBD001C7A597B005D1235 /* Carbon.framework in Frameworks */ = {isa = PBXBuildFile; fileRef = 3A8EBCFF1C7A597B005D1235 /* Carbon.framework */; };
		3A8EBD071C7A5B44005D1235 /* DDHotKeyAppDelegate.m in Sources */ = {isa = PBXBuildFile; fileRef = 3A8EBD021C7A5B44005D1235 /* DDHotKeyAppDelegate.m */; };
		3A8EBD081C7A5B44005D1235 /* DDHotKeyTextField.m in Sources */ = {isa = PBXBuildFile; fileRef = 3A8EBD041C7A5B44005D1235 /* DDHotKeyTextField.m */; };
		3A8EBD091C7A5B44005D1235 /* DDHotKeyUtilities.m in Sources */ = {isa = PBXBuildFile; fileRef = 3A8EBD061C7A5B44005D1235 /* DDHotKeyUtilities.m */; };
		3A8EBD0F1C7AF263005D1235 /* DDHotKeyCenter.m in Sources */ = {isa = PBXBuildFile; fileRef = 3A8EBD0E1C7AF263005D1235 /* DDHotKeyCenter.m */; };
		3AD94CE11DB0C10600C36AA2 /* DeviceDiscoverer.m in Sources */ = {isa = PBXBuildFile; fileRef = 3AD94CE01DB0C10600C36AA2 /* DeviceDiscoverer.m */; };
		3AD94CE61DB0C87500C36AA2 /* Device.m in Sources */ = {isa = PBXBuildFile; fileRef = 3AD94CE51DB0C87500C36AA2 /* Device.m */; };
		C25B348E3D5CE16F3C9127A2 /* libPods-OrthoCtrl.a in Frameworks */ = {isa = PBXBuildFile; fileRef = 90D756F05B6455689CC48B9C /* libPods-OrthoCtrl.a */; };
		D776436ED5CB33771A5797F4 /* libPods-OrthoCtrlTests.a in Frameworks */ = {isa = PBXBuildFile; fileRef = 9138D2EBDEA8C9E1CFD9F865 /* libPods-OrthoCtrlTests.a */; };
		FBC1F9A6776AA9BE95A0BD9F /* libPods-OrthoCtrlUITests.a in Frameworks */ = {isa = PBXBuildFile; fileRef = 9377701399F605BF1EC126E1 /* libPods-OrthoCtrlUITests.a */; };
/* End PBXBuildFile section */

/* Begin PBXContainerItemProxy section */
		3A3BBE041C7A31F300A93376 /* PBXContainerItemProxy */ = {
			isa = PBXContainerItemProxy;
			containerPortal = 3A3BBDE81C7A31F300A93376 /* Project object */;
			proxyType = 1;
			remoteGlobalIDString = 3A3BBDEF1C7A31F300A93376;
			remoteInfo = OrthoCtrl;
		};
		3A3BBE0F1C7A31F300A93376 /* PBXContainerItemProxy */ = {
			isa = PBXContainerItemProxy;
			containerPortal = 3A3BBDE81C7A31F300A93376 /* Project object */;
			proxyType = 1;
			remoteGlobalIDString = 3A3BBDEF1C7A31F300A93376;
			remoteInfo = OrthoCtrl;
		};
/* End PBXContainerItemProxy section */

/* Begin PBXFileReference section */
		1EF28532BFAA44949F64FFDA /* Pods-OrthoCtrl.release.xcconfig */ = {isa = PBXFileReference; includeInIndex = 1; lastKnownFileType = text.xcconfig; name = "Pods-OrthoCtrl.release.xcconfig"; path = "Pods/Target Support Files/Pods-OrthoCtrl/Pods-OrthoCtrl.release.xcconfig"; sourceTree = "<group>"; };
		3A3BBDF01C7A31F300A93376 /* OrthoCtrl.app */ = {isa = PBXFileReference; explicitFileType = wrapper.application; includeInIndex = 0; path = OrthoCtrl.app; sourceTree = BUILT_PRODUCTS_DIR; };
		3A3BBDF31C7A31F300A93376 /* AppDelegate.h */ = {isa = PBXFileReference; lastKnownFileType = sourcecode.c.h; path = AppDelegate.h; sourceTree = "<group>"; };
		3A3BBDF41C7A31F300A93376 /* AppDelegate.m */ = {isa = PBXFileReference; lastKnownFileType = sourcecode.c.objc; path = AppDelegate.m; sourceTree = "<group>"; };
		3A3BBDF71C7A31F300A93376 /* main.m */ = {isa = PBXFileReference; lastKnownFileType = sourcecode.c.objc; path = main.m; sourceTree = "<group>"; };
		3A3BBDF91C7A31F300A93376 /* Assets.xcassets */ = {isa = PBXFileReference; lastKnownFileType = folder.assetcatalog; path = Assets.xcassets; sourceTree = "<group>"; };
		3A3BBDFC1C7A31F300A93376 /* Base */ = {isa = PBXFileReference; lastKnownFileType = file.xib; name = Base; path = Base.lproj/MainMenu.xib; sourceTree = "<group>"; };
		3A3BBDFE1C7A31F300A93376 /* Info.plist */ = {isa = PBXFileReference; lastKnownFileType = text.plist.xml; path = Info.plist; sourceTree = "<group>"; };
		3A3BBE031C7A31F300A93376 /* OrthoCtrlTests.xctest */ = {isa = PBXFileReference; explicitFileType = wrapper.cfbundle; includeInIndex = 0; path = OrthoCtrlTests.xctest; sourceTree = BUILT_PRODUCTS_DIR; };
		3A3BBE071C7A31F300A93376 /* OrthoCtrlTests.m */ = {isa = PBXFileReference; lastKnownFileType = sourcecode.c.objc; path = OrthoCtrlTests.m; sourceTree = "<group>"; };
		3A3BBE091C7A31F300A93376 /* Info.plist */ = {isa = PBXFileReference; lastKnownFileType = text.plist.xml; path = Info.plist; sourceTree = "<group>"; };
		3A3BBE0E1C7A31F300A93376 /* OrthoCtrlUITests.xctest */ = {isa = PBXFileReference; explicitFileType = wrapper.cfbundle; includeInIndex = 0; path = OrthoCtrlUITests.xctest; sourceTree = BUILT_PRODUCTS_DIR; };
		3A3BBE121C7A31F300A93376 /* OrthoCtrlUITests.m */ = {isa = PBXFileReference; lastKnownFileType = sourcecode.c.objc; path = OrthoCtrlUITests.m; sourceTree = "<group>"; };
		3A3BBE141C7A31F300A93376 /* Info.plist */ = {isa = PBXFileReference; lastKnownFileType = text.plist.xml; path = Info.plist; sourceTree = "<group>"; };
		3A8EBCEB1C7A55E6005D1235 /* libSimpleHotKey.a */ = {isa = PBXFileReference; lastKnownFileType = archive.ar; name = libSimpleHotKey.a; path = Pods/../build/Debug/libSimpleHotKey.a; sourceTree = "<group>"; };
		3A8EBCF91C7A5790005D1235 /* DDHotKey */ = {isa = PBXFileReference; lastKnownFileType = folder; name = DDHotKey; path = /Users/sebastianwallin/dev/xcode/OrthoCtrl/DDHotKey; sourceTree = "<absolute>"; };
		3A8EBCFF1C7A597B005D1235 /* Carbon.framework */ = {isa = PBXFileReference; lastKnownFileType = wrapper.framework; name = Carbon.framework; path = System/Library/Frameworks/Carbon.framework; sourceTree = SDKROOT; };
		3A8EBD011C7A5B44005D1235 /* DDHotKeyAppDelegate.h */ = {isa = PBXFileReference; fileEncoding = 4; lastKnownFileType = sourcecode.c.h; name = DDHotKeyAppDelegate.h; path = DDHotKey/DDHotKeyAppDelegate.h; sourceTree = SOURCE_ROOT; };
		3A8EBD021C7A5B44005D1235 /* DDHotKeyAppDelegate.m */ = {isa = PBXFileReference; fileEncoding = 4; lastKnownFileType = sourcecode.c.objc; name = DDHotKeyAppDelegate.m; path = DDHotKey/DDHotKeyAppDelegate.m; sourceTree = SOURCE_ROOT; };
		3A8EBD031C7A5B44005D1235 /* DDHotKeyTextField.h */ = {isa = PBXFileReference; fileEncoding = 4; lastKnownFileType = sourcecode.c.h; name = DDHotKeyTextField.h; path = DDHotKey/DDHotKeyTextField.h; sourceTree = SOURCE_ROOT; };
		3A8EBD041C7A5B44005D1235 /* DDHotKeyTextField.m */ = {isa = PBXFileReference; fileEncoding = 4; lastKnownFileType = sourcecode.c.objc; name = DDHotKeyTextField.m; path = DDHotKey/DDHotKeyTextField.m; sourceTree = SOURCE_ROOT; };
		3A8EBD051C7A5B44005D1235 /* DDHotKeyUtilities.h */ = {isa = PBXFileReference; fileEncoding = 4; lastKnownFileType = sourcecode.c.h; name = DDHotKeyUtilities.h; path = DDHotKey/DDHotKeyUtilities.h; sourceTree = SOURCE_ROOT; };
		3A8EBD061C7A5B44005D1235 /* DDHotKeyUtilities.m */ = {isa = PBXFileReference; fileEncoding = 4; lastKnownFileType = sourcecode.c.objc; name = DDHotKeyUtilities.m; path = DDHotKey/DDHotKeyUtilities.m; sourceTree = SOURCE_ROOT; };
		3A8EBD0D1C7AF263005D1235 /* DDHotKeyCenter.h */ = {isa = PBXFileReference; fileEncoding = 4; lastKnownFileType = sourcecode.c.h; name = DDHotKeyCenter.h; path = DDHotKey/DDHotKeyCenter.h; sourceTree = SOURCE_ROOT; };
		3A8EBD0E1C7AF263005D1235 /* DDHotKeyCenter.m */ = {isa = PBXFileReference; fileEncoding = 4; lastKnownFileType = sourcecode.c.objc; name = DDHotKeyCenter.m; path = DDHotKey/DDHotKeyCenter.m; sourceTree = SOURCE_ROOT; };
		3AD94CE01DB0C10600C36AA2 /* DeviceDiscoverer.m */ = {isa = PBXFileReference; fileEncoding = 4; lastKnownFileType = sourcecode.c.objc; path = DeviceDiscoverer.m; sourceTree = "<group>"; };
		3AD94CE21DB0C11E00C36AA2 /* DeviceDiscoverer.h */ = {isa = PBXFileReference; lastKnownFileType = sourcecode.c.h; path = DeviceDiscoverer.h; sourceTree = "<group>"; };
		3AD94CE31DB0C42000C36AA2 /* DeviceDiscovererDelegate.h */ = {isa = PBXFileReference; lastKnownFileType = sourcecode.c.h; path = DeviceDiscovererDelegate.h; sourceTree = "<group>"; };
		3AD94CE41DB0C87500C36AA2 /* Device.h */ = {isa = PBXFileReference; fileEncoding = 4; lastKnownFileType = sourcecode.c.h; path = Device.h; sourceTree = "<group>"; };
		3AD94CE51DB0C87500C36AA2 /* Device.m */ = {isa = PBXFileReference; fileEncoding = 4; lastKnownFileType = sourcecode.c.objc; path = Device.m; sourceTree = "<group>"; };
		3AD94CE71DB0FFD000C36AA2 /* DeviceDelegate.h */ = {isa = PBXFileReference; lastKnownFileType = sourcecode.c.h; path = DeviceDelegate.h; sourceTree = "<group>"; };
		4ACB1381393516240A587D32 /* Pods-OrthoCtrlUITests.release.xcconfig */ = {isa = PBXFileReference; includeInIndex = 1; lastKnownFileType = text.xcconfig; name = "Pods-OrthoCtrlUITests.release.xcconfig"; path = "Pods/Target Support Files/Pods-OrthoCtrlUITests/Pods-OrthoCtrlUITests.release.xcconfig"; sourceTree = "<group>"; };
		69183EC947CA136BBC1B600D /* Pods-OrthoCtrlUITests.debug.xcconfig */ = {isa = PBXFileReference; includeInIndex = 1; lastKnownFileType = text.xcconfig; name = "Pods-OrthoCtrlUITests.debug.xcconfig"; path = "Pods/Target Support Files/Pods-OrthoCtrlUITests/Pods-OrthoCtrlUITests.debug.xcconfig"; sourceTree = "<group>"; };
		90D756F05B6455689CC48B9C /* libPods-OrthoCtrl.a */ = {isa = PBXFileReference; explicitFileType = archive.ar; includeInIndex = 0; path = "libPods-OrthoCtrl.a"; sourceTree = BUILT_PRODUCTS_DIR; };
		9138D2EBDEA8C9E1CFD9F865 /* libPods-OrthoCtrlTests.a */ = {isa = PBXFileReference; explicitFileType = archive.ar; includeInIndex = 0; path = "libPods-OrthoCtrlTests.a"; sourceTree = BUILT_PRODUCTS_DIR; };
		9377701399F605BF1EC126E1 /* libPods-OrthoCtrlUITests.a */ = {isa = PBXFileReference; explicitFileType = archive.ar; includeInIndex = 0; path = "libPods-OrthoCtrlUITests.a"; sourceTree = BUILT_PRODUCTS_DIR; };
		B0227B1956C76D1B92D8CF1D /* Pods-OrthoCtrlTests.release.xcconfig */ = {isa = PBXFileReference; includeInIndex = 1; lastKnownFileType = text.xcconfig; name = "Pods-OrthoCtrlTests.release.xcconfig"; path = "Pods/Target Support Files/Pods-OrthoCtrlTests/Pods-OrthoCtrlTests.release.xcconfig"; sourceTree = "<group>"; };
		B85A0F686D423738FB8D0616 /* Pods-OrthoCtrlTests.debug.xcconfig */ = {isa = PBXFileReference; includeInIndex = 1; lastKnownFileType = text.xcconfig; name = "Pods-OrthoCtrlTests.debug.xcconfig"; path = "Pods/Target Support Files/Pods-OrthoCtrlTests/Pods-OrthoCtrlTests.debug.xcconfig"; sourceTree = "<group>"; };
		FFD53CD7878D6BE5608CBDB0 /* Pods-OrthoCtrl.debug.xcconfig */ = {isa = PBXFileReference; includeInIndex = 1; lastKnownFileType = text.xcconfig; name = "Pods-OrthoCtrl.debug.xcconfig"; path = "Pods/Target Support Files/Pods-OrthoCtrl/Pods-OrthoCtrl.debug.xcconfig"; sourceTree = "<group>"; };
/* End PBXFileReference section */

/* Begin PBXFrameworksBuildPhase section */
		3A3BBDED1C7A31F300A93376 /* Frameworks */ = {
			isa = PBXFrameworksBuildPhase;
			buildActionMask = 2147483647;
			files = (
				3A8EBD001C7A597B005D1235 /* Carbon.framework in Frameworks */,
				C25B348E3D5CE16F3C9127A2 /* libPods-OrthoCtrl.a in Frameworks */,
			);
			runOnlyForDeploymentPostprocessing = 0;
		};
		3A3BBE001C7A31F300A93376 /* Frameworks */ = {
			isa = PBXFrameworksBuildPhase;
			buildActionMask = 2147483647;
			files = (
				D776436ED5CB33771A5797F4 /* libPods-OrthoCtrlTests.a in Frameworks */,
			);
			runOnlyForDeploymentPostprocessing = 0;
		};
		3A3BBE0B1C7A31F300A93376 /* Frameworks */ = {
			isa = PBXFrameworksBuildPhase;
			buildActionMask = 2147483647;
			files = (
				FBC1F9A6776AA9BE95A0BD9F /* libPods-OrthoCtrlUITests.a in Frameworks */,
			);
			runOnlyForDeploymentPostprocessing = 0;
		};
/* End PBXFrameworksBuildPhase section */

/* Begin PBXGroup section */
		06B2A4084316FB8EEC5C4AC2 /* Pods */ = {
			isa = PBXGroup;
			children = (
				FFD53CD7878D6BE5608CBDB0 /* Pods-OrthoCtrl.debug.xcconfig */,
				1EF28532BFAA44949F64FFDA /* Pods-OrthoCtrl.release.xcconfig */,
				B85A0F686D423738FB8D0616 /* Pods-OrthoCtrlTests.debug.xcconfig */,
				B0227B1956C76D1B92D8CF1D /* Pods-OrthoCtrlTests.release.xcconfig */,
				69183EC947CA136BBC1B600D /* Pods-OrthoCtrlUITests.debug.xcconfig */,
				4ACB1381393516240A587D32 /* Pods-OrthoCtrlUITests.release.xcconfig */,
			);
			name = Pods;
			sourceTree = "<group>";
		};
		3A3BBDE71C7A31F300A93376 = {
			isa = PBXGroup;
			children = (
				3A3BBDF21C7A31F300A93376 /* OrthoCtrl */,
				3A3BBE061C7A31F300A93376 /* OrthoCtrlTests */,
				3A3BBE111C7A31F300A93376 /* OrthoCtrlUITests */,
				3A3BBDF11C7A31F300A93376 /* Products */,
				65A7C04728EF25A4ABDD3E9D /* Frameworks */,
				06B2A4084316FB8EEC5C4AC2 /* Pods */,
			);
			sourceTree = "<group>";
		};
		3A3BBDF11C7A31F300A93376 /* Products */ = {
			isa = PBXGroup;
			children = (
				3A3BBDF01C7A31F300A93376 /* OrthoCtrl.app */,
				3A3BBE031C7A31F300A93376 /* OrthoCtrlTests.xctest */,
				3A3BBE0E1C7A31F300A93376 /* OrthoCtrlUITests.xctest */,
			);
			name = Products;
			sourceTree = "<group>";
		};
		3A3BBDF21C7A31F300A93376 /* OrthoCtrl */ = {
			isa = PBXGroup;
			children = (
				3A8EBD0D1C7AF263005D1235 /* DDHotKeyCenter.h */,
				3A8EBD0E1C7AF263005D1235 /* DDHotKeyCenter.m */,
				3A8EBD011C7A5B44005D1235 /* DDHotKeyAppDelegate.h */,
				3A8EBD021C7A5B44005D1235 /* DDHotKeyAppDelegate.m */,
				3A8EBD031C7A5B44005D1235 /* DDHotKeyTextField.h */,
				3A8EBD041C7A5B44005D1235 /* DDHotKeyTextField.m */,
				3A8EBD051C7A5B44005D1235 /* DDHotKeyUtilities.h */,
				3A8EBD061C7A5B44005D1235 /* DDHotKeyUtilities.m */,
				3A3BBDF31C7A31F300A93376 /* AppDelegate.h */,
				3A3BBDF41C7A31F300A93376 /* AppDelegate.m */,
				3AD94CE41DB0C87500C36AA2 /* Device.h */,
				3AD94CE51DB0C87500C36AA2 /* Device.m */,
				3AD94CE71DB0FFD000C36AA2 /* DeviceDelegate.h */,
				3AD94CE21DB0C11E00C36AA2 /* DeviceDiscoverer.h */,
				3AD94CE01DB0C10600C36AA2 /* DeviceDiscoverer.m */,
				3AD94CE31DB0C42000C36AA2 /* DeviceDiscovererDelegate.h */,
				3A3BBDF91C7A31F300A93376 /* Assets.xcassets */,
				3A3BBDFB1C7A31F300A93376 /* MainMenu.xib */,
				3A3BBDFE1C7A31F300A93376 /* Info.plist */,
				3A3BBDF61C7A31F300A93376 /* Supporting Files */,
			);
			path = OrthoCtrl;
			sourceTree = "<group>";
		};
		3A3BBDF61C7A31F300A93376 /* Supporting Files */ = {
			isa = PBXGroup;
			children = (
				3A3BBDF71C7A31F300A93376 /* main.m */,
			);
			name = "Supporting Files";
			sourceTree = "<group>";
		};
		3A3BBE061C7A31F300A93376 /* OrthoCtrlTests */ = {
			isa = PBXGroup;
			children = (
				3A3BBE071C7A31F300A93376 /* OrthoCtrlTests.m */,
				3A3BBE091C7A31F300A93376 /* Info.plist */,
			);
			path = OrthoCtrlTests;
			sourceTree = "<group>";
		};
		3A3BBE111C7A31F300A93376 /* OrthoCtrlUITests */ = {
			isa = PBXGroup;
			children = (
				3A3BBE121C7A31F300A93376 /* OrthoCtrlUITests.m */,
				3A3BBE141C7A31F300A93376 /* Info.plist */,
			);
			path = OrthoCtrlUITests;
			sourceTree = "<group>";
		};
		65A7C04728EF25A4ABDD3E9D /* Frameworks */ = {
			isa = PBXGroup;
			children = (
				3A8EBCFF1C7A597B005D1235 /* Carbon.framework */,
				3A8EBCEB1C7A55E6005D1235 /* libSimpleHotKey.a */,
				90D756F05B6455689CC48B9C /* libPods-OrthoCtrl.a */,
				9138D2EBDEA8C9E1CFD9F865 /* libPods-OrthoCtrlTests.a */,
				9377701399F605BF1EC126E1 /* libPods-OrthoCtrlUITests.a */,
			);
			name = Frameworks;
			sourceTree = "<group>";
		};
/* End PBXGroup section */

/* Begin PBXNativeTarget section */
		3A3BBDEF1C7A31F300A93376 /* OrthoCtrl */ = {
			isa = PBXNativeTarget;
			buildConfigurationList = 3A3BBE171C7A31F300A93376 /* Build configuration list for PBXNativeTarget "OrthoCtrl" */;
			buildPhases = (
				7BFB8E408BA2FB7BF0574E66 /* [CP] Check Pods Manifest.lock */,
				3A3BBDEC1C7A31F300A93376 /* Sources */,
				3A3BBDED1C7A31F300A93376 /* Frameworks */,
				3A3BBDEE1C7A31F300A93376 /* Resources */,
				E89B2AF5B251B5FD80F53EAA /* [CP] Embed Pods Frameworks */,
				EDF8F93B1DE0B3D1FC4C8499 /* [CP] Copy Pods Resources */,
			);
			buildRules = (
			);
			dependencies = (
			);
			name = OrthoCtrl;
			productName = OrthoCtrl;
			productReference = 3A3BBDF01C7A31F300A93376 /* OrthoCtrl.app */;
			productType = "com.apple.product-type.application";
		};
		3A3BBE021C7A31F300A93376 /* OrthoCtrlTests */ = {
			isa = PBXNativeTarget;
			buildConfigurationList = 3A3BBE1A1C7A31F300A93376 /* Build configuration list for PBXNativeTarget "OrthoCtrlTests" */;
			buildPhases = (
				678CA7E4A63B3CC6D3CCBA5A /* [CP] Check Pods Manifest.lock */,
				3A3BBDFF1C7A31F300A93376 /* Sources */,
				3A3BBE001C7A31F300A93376 /* Frameworks */,
				3A3BBE011C7A31F300A93376 /* Resources */,
				E3110D91814DCC09966A82F3 /* [CP] Embed Pods Frameworks */,
				431F031173AB82BFAD3C6494 /* [CP] Copy Pods Resources */,
			);
			buildRules = (
			);
			dependencies = (
				3A3BBE051C7A31F300A93376 /* PBXTargetDependency */,
			);
			name = OrthoCtrlTests;
			productName = OrthoCtrlTests;
			productReference = 3A3BBE031C7A31F300A93376 /* OrthoCtrlTests.xctest */;
			productType = "com.apple.product-type.bundle.unit-test";
		};
		3A3BBE0D1C7A31F300A93376 /* OrthoCtrlUITests */ = {
			isa = PBXNativeTarget;
			buildConfigurationList = 3A3BBE1D1C7A31F300A93376 /* Build configuration list for PBXNativeTarget "OrthoCtrlUITests" */;
			buildPhases = (
				C863AF6513FC3B9E36E19F4F /* [CP] Check Pods Manifest.lock */,
				3A3BBE0A1C7A31F300A93376 /* Sources */,
				3A3BBE0B1C7A31F300A93376 /* Frameworks */,
				3A3BBE0C1C7A31F300A93376 /* Resources */,
				6A1DBC8A46D65486048525AC /* [CP] Copy Pods Resources */,
			);
			buildRules = (
			);
			dependencies = (
				3A3BBE101C7A31F300A93376 /* PBXTargetDependency */,
			);
			name = OrthoCtrlUITests;
			productName = OrthoCtrlUITests;
			productReference = 3A3BBE0E1C7A31F300A93376 /* OrthoCtrlUITests.xctest */;
			productType = "com.apple.product-type.bundle.ui-testing";
		};
/* End PBXNativeTarget section */

/* Begin PBXProject section */
		3A3BBDE81C7A31F300A93376 /* Project object */ = {
			isa = PBXProject;
			attributes = {
				LastUpgradeCheck = 0800;
				ORGANIZATIONNAME = "Sebastian Wallin";
				TargetAttributes = {
					3A3BBDEF1C7A31F300A93376 = {
						CreatedOnToolsVersion = 7.2.1;
					};
					3A3BBE021C7A31F300A93376 = {
						CreatedOnToolsVersion = 7.2.1;
						TestTargetID = 3A3BBDEF1C7A31F300A93376;
					};
					3A3BBE0D1C7A31F300A93376 = {
						CreatedOnToolsVersion = 7.2.1;
						TestTargetID = 3A3BBDEF1C7A31F300A93376;
					};
				};
			};
			buildConfigurationList = 3A3BBDEB1C7A31F300A93376 /* Build configuration list for PBXProject "OrthoCtrl" */;
			compatibilityVersion = "Xcode 3.2";
			developmentRegion = English;
			hasScannedForEncodings = 0;
			knownRegions = (
				en,
				Base,
			);
			mainGroup = 3A3BBDE71C7A31F300A93376;
			productRefGroup = 3A3BBDF11C7A31F300A93376 /* Products */;
			projectDirPath = "";
			projectRoot = "";
			targets = (
				3A3BBDEF1C7A31F300A93376 /* OrthoCtrl */,
				3A3BBE021C7A31F300A93376 /* OrthoCtrlTests */,
				3A3BBE0D1C7A31F300A93376 /* OrthoCtrlUITests */,
			);
		};
/* End PBXProject section */

/* Begin PBXResourcesBuildPhase section */
		3A3BBDEE1C7A31F300A93376 /* Resources */ = {
			isa = PBXResourcesBuildPhase;
			buildActionMask = 2147483647;
			files = (
				3A3BBDFA1C7A31F300A93376 /* Assets.xcassets in Resources */,
				3A3BBDFD1C7A31F300A93376 /* MainMenu.xib in Resources */,
				3A8EBCFA1C7A5790005D1235 /* DDHotKey in Resources */,
			);
			runOnlyForDeploymentPostprocessing = 0;
		};
		3A3BBE011C7A31F300A93376 /* Resources */ = {
			isa = PBXResourcesBuildPhase;
			buildActionMask = 2147483647;
			files = (
			);
			runOnlyForDeploymentPostprocessing = 0;
		};
		3A3BBE0C1C7A31F300A93376 /* Resources */ = {
			isa = PBXResourcesBuildPhase;
			buildActionMask = 2147483647;
			files = (
			);
			runOnlyForDeploymentPostprocessing = 0;
		};
/* End PBXResourcesBuildPhase section */

/* Begin PBXShellScriptBuildPhase section */
		431F031173AB82BFAD3C6494 /* [CP] Copy Pods Resources */ = {
			isa = PBXShellScriptBuildPhase;
			buildActionMask = 2147483647;
			files = (
			);
			inputPaths = (
			);
			name = "[CP] Copy Pods Resources";
			outputPaths = (
			);
			runOnlyForDeploymentPostprocessing = 0;
			shellPath = /bin/sh;
			shellScript = "\"${SRCROOT}/Pods/Target Support Files/Pods-OrthoCtrlTests/Pods-OrthoCtrlTests-resources.sh\"\n";
			showEnvVarsInLog = 0;
		};
		678CA7E4A63B3CC6D3CCBA5A /* [CP] Check Pods Manifest.lock */ = {
			isa = PBXShellScriptBuildPhase;
			buildActionMask = 2147483647;
			files = (
			);
			inputPaths = (
			);
			name = "[CP] Check Pods Manifest.lock";
			outputPaths = (
			);
			runOnlyForDeploymentPostprocessing = 0;
			shellPath = /bin/sh;
			shellScript = "diff \"${PODS_ROOT}/../Podfile.lock\" \"${PODS_ROOT}/Manifest.lock\" > /dev/null\nif [[ $? != 0 ]] ; then\n    cat << EOM\nerror: The sandbox is not in sync with the Podfile.lock. Run 'pod install' or update your CocoaPods installation.\nEOM\n    exit 1\nfi\n";
			showEnvVarsInLog = 0;
		};
		6A1DBC8A46D65486048525AC /* [CP] Copy Pods Resources */ = {
			isa = PBXShellScriptBuildPhase;
			buildActionMask = 2147483647;
			files = (
			);
			inputPaths = (
			);
			name = "[CP] Copy Pods Resources";
			outputPaths = (
			);
			runOnlyForDeploymentPostprocessing = 0;
			shellPath = /bin/sh;
			shellScript = "\"${SRCROOT}/Pods/Target Support Files/Pods-OrthoCtrlUITests/Pods-OrthoCtrlUITests-resources.sh\"\n";
			showEnvVarsInLog = 0;
		};
		7BFB8E408BA2FB7BF0574E66 /* [CP] Check Pods Manifest.lock */ = {
			isa = PBXShellScriptBuildPhase;
			buildActionMask = 2147483647;
			files = (
			);
			inputPaths = (
			);
			name = "[CP] Check Pods Manifest.lock";
			outputPaths = (
			);
			runOnlyForDeploymentPostprocessing = 0;
			shellPath = /bin/sh;
			shellScript = "diff \"${PODS_ROOT}/../Podfile.lock\" \"${PODS_ROOT}/Manifest.lock\" > /dev/null\nif [[ $? != 0 ]] ; then\n    cat << EOM\nerror: The sandbox is not in sync with the Podfile.lock. Run 'pod install' or update your CocoaPods installation.\nEOM\n    exit 1\nfi\n";
			showEnvVarsInLog = 0;
		};
		C863AF6513FC3B9E36E19F4F /* [CP] Check Pods Manifest.lock */ = {
			isa = PBXShellScriptBuildPhase;
			buildActionMask = 2147483647;
			files = (
			);
			inputPaths = (
			);
			name = "[CP] Check Pods Manifest.lock";
			outputPaths = (
			);
			runOnlyForDeploymentPostprocessing = 0;
			shellPath = /bin/sh;
			shellScript = "diff \"${PODS_ROOT}/../Podfile.lock\" \"${PODS_ROOT}/Manifest.lock\" > /dev/null\nif [[ $? != 0 ]] ; then\n    cat << EOM\nerror: The sandbox is not in sync with the Podfile.lock. Run 'pod install' or update your CocoaPods installation.\nEOM\n    exit 1\nfi\n";
			showEnvVarsInLog = 0;
		};
		E3110D91814DCC09966A82F3 /* [CP] Embed Pods Frameworks */ = {
			isa = PBXShellScriptBuildPhase;
			buildActionMask = 2147483647;
			files = (
			);
			inputPaths = (
			);
			name = "[CP] Embed Pods Frameworks";
			outputPaths = (
			);
			runOnlyForDeploymentPostprocessing = 0;
			shellPath = /bin/sh;
			shellScript = "\"${SRCROOT}/Pods/Target Support Files/Pods-OrthoCtrlTests/Pods-OrthoCtrlTests-frameworks.sh\"\n";
			showEnvVarsInLog = 0;
		};
		E89B2AF5B251B5FD80F53EAA /* [CP] Embed Pods Frameworks */ = {
			isa = PBXShellScriptBuildPhase;
			buildActionMask = 2147483647;
			files = (
			);
			inputPaths = (
			);
			name = "[CP] Embed Pods Frameworks";
			outputPaths = (
			);
			runOnlyForDeploymentPostprocessing = 0;
			shellPath = /bin/sh;
			shellScript = "\"${SRCROOT}/Pods/Target Support Files/Pods-OrthoCtrl/Pods-OrthoCtrl-frameworks.sh\"\n";
			showEnvVarsInLog = 0;
		};
		EDF8F93B1DE0B3D1FC4C8499 /* [CP] Copy Pods Resources */ = {
			isa = PBXShellScriptBuildPhase;
			buildActionMask = 2147483647;
			files = (
			);
			inputPaths = (
			);
			name = "[CP] Copy Pods Resources";
			outputPaths = (
			);
			runOnlyForDeploymentPostprocessing = 0;
			shellPath = /bin/sh;
			shellScript = "\"${SRCROOT}/Pods/Target Support Files/Pods-OrthoCtrl/Pods-OrthoCtrl-resources.sh\"\n";
			showEnvVarsInLog = 0;
		};
/* End PBXShellScriptBuildPhase section */

/* Begin PBXSourcesBuildPhase section */
		3A3BBDEC1C7A31F300A93376 /* Sources */ = {
			isa = PBXSourcesBuildPhase;
			buildActionMask = 2147483647;
			files = (
				3AD94CE11DB0C10600C36AA2 /* DeviceDiscoverer.m in Sources */,
				3A8EBD071C7A5B44005D1235 /* DDHotKeyAppDelegate.m in Sources */,
				3A8EBD081C7A5B44005D1235 /* DDHotKeyTextField.m in Sources */,
				3AD94CE61DB0C87500C36AA2 /* Device.m in Sources */,
				3A8EBD091C7A5B44005D1235 /* DDHotKeyUtilities.m in Sources */,
				3A3BBDF81C7A31F300A93376 /* main.m in Sources */,
				3A8EBD0F1C7AF263005D1235 /* DDHotKeyCenter.m in Sources */,
				3A3BBDF51C7A31F300A93376 /* AppDelegate.m in Sources */,
			);
			runOnlyForDeploymentPostprocessing = 0;
		};
		3A3BBDFF1C7A31F300A93376 /* Sources */ = {
			isa = PBXSourcesBuildPhase;
			buildActionMask = 2147483647;
			files = (
				3A3BBE081C7A31F300A93376 /* OrthoCtrlTests.m in Sources */,
			);
			runOnlyForDeploymentPostprocessing = 0;
		};
		3A3BBE0A1C7A31F300A93376 /* Sources */ = {
			isa = PBXSourcesBuildPhase;
			buildActionMask = 2147483647;
			files = (
				3A3BBE131C7A31F300A93376 /* OrthoCtrlUITests.m in Sources */,
			);
			runOnlyForDeploymentPostprocessing = 0;
		};
/* End PBXSourcesBuildPhase section */

/* Begin PBXTargetDependency section */
		3A3BBE051C7A31F300A93376 /* PBXTargetDependency */ = {
			isa = PBXTargetDependency;
			target = 3A3BBDEF1C7A31F300A93376 /* OrthoCtrl */;
			targetProxy = 3A3BBE041C7A31F300A93376 /* PBXContainerItemProxy */;
		};
		3A3BBE101C7A31F300A93376 /* PBXTargetDependency */ = {
			isa = PBXTargetDependency;
			target = 3A3BBDEF1C7A31F300A93376 /* OrthoCtrl */;
			targetProxy = 3A3BBE0F1C7A31F300A93376 /* PBXContainerItemProxy */;
		};
/* End PBXTargetDependency section */

/* Begin PBXVariantGroup section */
		3A3BBDFB1C7A31F300A93376 /* MainMenu.xib */ = {
			isa = PBXVariantGroup;
			children = (
				3A3BBDFC1C7A31F300A93376 /* Base */,
			);
			name = MainMenu.xib;
			sourceTree = "<group>";
		};
/* End PBXVariantGroup section */

/* Begin XCBuildConfiguration section */
		3A3BBE151C7A31F300A93376 /* Debug */ = {
			isa = XCBuildConfiguration;
			buildSettings = {
				ALWAYS_SEARCH_USER_PATHS = NO;
				CLANG_CXX_LANGUAGE_STANDARD = "gnu++0x";
				CLANG_CXX_LIBRARY = "libc++";
				CLANG_ENABLE_MODULES = YES;
				CLANG_ENABLE_OBJC_ARC = YES;
				CLANG_WARN_BOOL_CONVERSION = YES;
				CLANG_WARN_CONSTANT_CONVERSION = YES;
				CLANG_WARN_DIRECT_OBJC_ISA_USAGE = YES_ERROR;
				CLANG_WARN_EMPTY_BODY = YES;
				CLANG_WARN_ENUM_CONVERSION = YES;
				CLANG_WARN_INFINITE_RECURSION = YES;
				CLANG_WARN_INT_CONVERSION = YES;
				CLANG_WARN_OBJC_ROOT_CLASS = YES_ERROR;
				CLANG_WARN_SUSPICIOUS_MOVE = YES;
				CLANG_WARN_UNREACHABLE_CODE = YES;
				CLANG_WARN__DUPLICATE_METHOD_MATCH = YES;
				CODE_SIGN_IDENTITY = "-";
				COPY_PHASE_STRIP = NO;
				DEBUG_INFORMATION_FORMAT = dwarf;
				ENABLE_STRICT_OBJC_MSGSEND = YES;
				ENABLE_TESTABILITY = YES;
				GCC_C_LANGUAGE_STANDARD = gnu99;
				GCC_DYNAMIC_NO_PIC = NO;
				GCC_NO_COMMON_BLOCKS = YES;
				GCC_OPTIMIZATION_LEVEL = 0;
				GCC_PREPROCESSOR_DEFINITIONS = (
					"DEBUG=1",
					"$(inherited)",
				);
				GCC_WARN_64_TO_32_BIT_CONVERSION = YES;
				GCC_WARN_ABOUT_RETURN_TYPE = YES_ERROR;
				GCC_WARN_UNDECLARED_SELECTOR = YES;
				GCC_WARN_UNINITIALIZED_AUTOS = YES_AGGRESSIVE;
				GCC_WARN_UNUSED_FUNCTION = YES;
				GCC_WARN_UNUSED_VARIABLE = YES;
				MACOSX_DEPLOYMENT_TARGET = 10.11;
				MTL_ENABLE_DEBUG_INFO = YES;
				ONLY_ACTIVE_ARCH = YES;
				SDKROOT = macosx;
			};
			name = Debug;
		};
		3A3BBE161C7A31F300A93376 /* Release */ = {
			isa = XCBuildConfiguration;
			buildSettings = {
				ALWAYS_SEARCH_USER_PATHS = NO;
				CLANG_CXX_LANGUAGE_STANDARD = "gnu++0x";
				CLANG_CXX_LIBRARY = "libc++";
				CLANG_ENABLE_MODULES = YES;
				CLANG_ENABLE_OBJC_ARC = YES;
				CLANG_WARN_BOOL_CONVERSION = YES;
				CLANG_WARN_CONSTANT_CONVERSION = YES;
				CLANG_WARN_DIRECT_OBJC_ISA_USAGE = YES_ERROR;
				CLANG_WARN_EMPTY_BODY = YES;
				CLANG_WARN_ENUM_CONVERSION = YES;
				CLANG_WARN_INFINITE_RECURSION = YES;
				CLANG_WARN_INT_CONVERSION = YES;
				CLANG_WARN_OBJC_ROOT_CLASS = YES_ERROR;
				CLANG_WARN_SUSPICIOUS_MOVE = YES;
				CLANG_WARN_UNREACHABLE_CODE = YES;
				CLANG_WARN__DUPLICATE_METHOD_MATCH = YES;
				CODE_SIGN_IDENTITY = "-";
				COPY_PHASE_STRIP = NO;
				DEBUG_INFORMATION_FORMAT = "dwarf-with-dsym";
				ENABLE_NS_ASSERTIONS = NO;
				ENABLE_STRICT_OBJC_MSGSEND = YES;
				GCC_C_LANGUAGE_STANDARD = gnu99;
				GCC_NO_COMMON_BLOCKS = YES;
				GCC_WARN_64_TO_32_BIT_CONVERSION = YES;
				GCC_WARN_ABOUT_RETURN_TYPE = YES_ERROR;
				GCC_WARN_UNDECLARED_SELECTOR = YES;
				GCC_WARN_UNINITIALIZED_AUTOS = YES_AGGRESSIVE;
				GCC_WARN_UNUSED_FUNCTION = YES;
				GCC_WARN_UNUSED_VARIABLE = YES;
				MACOSX_DEPLOYMENT_TARGET = 10.11;
				MTL_ENABLE_DEBUG_INFO = NO;
				SDKROOT = macosx;
			};
			name = Release;
		};
		3A3BBE181C7A31F300A93376 /* Debug */ = {
			isa = XCBuildConfiguration;
			baseConfigurationReference = FFD53CD7878D6BE5608CBDB0 /* Pods-OrthoCtrl.debug.xcconfig */;
			buildSettings = {
				ASSETCATALOG_COMPILER_APPICON_NAME = AppIcon;
				COMBINE_HIDPI_IMAGES = YES;
				INFOPLIST_FILE = OrthoCtrl/Info.plist;
				LD_RUNPATH_SEARCH_PATHS = "$(inherited) @executable_path/../Frameworks";
				LIBRARY_SEARCH_PATHS = (
					"$(inherited)",
					"$(PROJECT_DIR)/build/Debug",
				);
				PRODUCT_BUNDLE_IDENTIFIER = TegelSoft.OrthoCtrl;
				PRODUCT_NAME = "$(TARGET_NAME)";
			};
			name = Debug;
		};
		3A3BBE191C7A31F300A93376 /* Release */ = {
			isa = XCBuildConfiguration;
			baseConfigurationReference = 1EF28532BFAA44949F64FFDA /* Pods-OrthoCtrl.release.xcconfig */;
			buildSettings = {
				ASSETCATALOG_COMPILER_APPICON_NAME = AppIcon;
				COMBINE_HIDPI_IMAGES = YES;
				INFOPLIST_FILE = OrthoCtrl/Info.plist;
				LD_RUNPATH_SEARCH_PATHS = "$(inherited) @executable_path/../Frameworks";
				LIBRARY_SEARCH_PATHS = (
					"$(inherited)",
					"$(PROJECT_DIR)/build/Debug",
				);
				PRODUCT_BUNDLE_IDENTIFIER = TegelSoft.OrthoCtrl;
				PRODUCT_NAME = "$(TARGET_NAME)";
			};
			name = Release;
		};
		3A3BBE1B1C7A31F300A93376 /* Debug */ = {
			isa = XCBuildConfiguration;
			baseConfigurationReference = B85A0F686D423738FB8D0616 /* Pods-OrthoCtrlTests.debug.xcconfig */;
			buildSettings = {
				BUNDLE_LOADER = "$(TEST_HOST)";
				COMBINE_HIDPI_IMAGES = YES;
				INFOPLIST_FILE = OrthoCtrlTests/Info.plist;
				LD_RUNPATH_SEARCH_PATHS = "$(inherited) @executable_path/../Frameworks @loader_path/../Frameworks";
				PRODUCT_BUNDLE_IDENTIFIER = TegelSoft.OrthoCtrlTests;
				PRODUCT_NAME = "$(TARGET_NAME)";
				TEST_HOST = "$(BUILT_PRODUCTS_DIR)/OrthoCtrl.app/Contents/MacOS/OrthoCtrl";
			};
			name = Debug;
		};
		3A3BBE1C1C7A31F300A93376 /* Release */ = {
			isa = XCBuildConfiguration;
			baseConfigurationReference = B0227B1956C76D1B92D8CF1D /* Pods-OrthoCtrlTests.release.xcconfig */;
			buildSettings = {
				BUNDLE_LOADER = "$(TEST_HOST)";
				COMBINE_HIDPI_IMAGES = YES;
				INFOPLIST_FILE = OrthoCtrlTests/Info.plist;
				LD_RUNPATH_SEARCH_PATHS = "$(inherited) @executable_path/../Frameworks @loader_path/../Frameworks";
				PRODUCT_BUNDLE_IDENTIFIER = TegelSoft.OrthoCtrlTests;
				PRODUCT_NAME = "$(TARGET_NAME)";
				TEST_HOST = "$(BUILT_PRODUCTS_DIR)/OrthoCtrl.app/Contents/MacOS/OrthoCtrl";
			};
			name = Release;
		};
		3A3BBE1E1C7A31F300A93376 /* Debug */ = {
			isa = XCBuildConfiguration;
			baseConfigurationReference = 69183EC947CA136BBC1B600D /* Pods-OrthoCtrlUITests.debug.xcconfig */;
			buildSettings = {
				COMBINE_HIDPI_IMAGES = YES;
				INFOPLIST_FILE = OrthoCtrlUITests/Info.plist;
				LD_RUNPATH_SEARCH_PATHS = "$(inherited) @executable_path/../Frameworks @loader_path/../Frameworks";
				PRODUCT_BUNDLE_IDENTIFIER = TegelSoft.OrthoCtrlUITests;
				PRODUCT_NAME = "$(TARGET_NAME)";
				TEST_TARGET_NAME = OrthoCtrl;
				USES_XCTRUNNER = YES;
			};
			name = Debug;
		};
		3A3BBE1F1C7A31F300A93376 /* Release */ = {
			isa = XCBuildConfiguration;
			baseConfigurationReference = 4ACB1381393516240A587D32 /* Pods-OrthoCtrlUITests.release.xcconfig */;
			buildSettings = {
				COMBINE_HIDPI_IMAGES = YES;
				INFOPLIST_FILE = OrthoCtrlUITests/Info.plist;
				LD_RUNPATH_SEARCH_PATHS = "$(inherited) @executable_path/../Frameworks @loader_path/../Frameworks";
				PRODUCT_BUNDLE_IDENTIFIER = TegelSoft.OrthoCtrlUITests;
				PRODUCT_NAME = "$(TARGET_NAME)";
				TEST_TARGET_NAME = OrthoCtrl;
				USES_XCTRUNNER = YES;
			};
			name = Release;
		};
/* End XCBuildConfiguration section */

/* Begin XCConfigurationList section */
		3A3BBDEB1C7A31F300A93376 /* Build configuration list for PBXProject "OrthoCtrl" */ = {
			isa = XCConfigurationList;
			buildConfigurations = (
				3A3BBE151C7A31F300A93376 /* Debug */,
				3A3BBE161C7A31F300A93376 /* Release */,
			);
			defaultConfigurationIsVisible = 0;
			defaultConfigurationName = Release;
		};
		3A3BBE171C7A31F300A93376 /* Build configuration list for PBXNativeTarget "OrthoCtrl" */ = {
			isa = XCConfigurationList;
			buildConfigurations = (
				3A3BBE181C7A31F300A93376 /* Debug */,
				3A3BBE191C7A31F300A93376 /* Release */,
			);
			defaultConfigurationIsVisible = 0;
			defaultConfigurationName = Release;
		};
		3A3BBE1A1C7A31F300A93376 /* Build configuration list for PBXNativeTarget "OrthoCtrlTests" */ = {
			isa = XCConfigurationList;
			buildConfigurations = (
				3A3BBE1B1C7A31F300A93376 /* Debug */,
				3A3BBE1C1C7A31F300A93376 /* Release */,
			);
			defaultConfigurationIsVisible = 0;
			defaultConfigurationName = Release;
		};
		3A3BBE1D1C7A31F300A93376 /* Build configuration list for PBXNativeTarget "OrthoCtrlUITests" */ = {
			isa = XCConfigurationList;
			buildConfigurations = (
				3A3BBE1E1C7A31F300A93376 /* Debug */,
				3A3BBE1F1C7A31F300A93376 /* Release */,
			);
			defaultConfigurationIsVisible = 0;
			defaultConfigurationName = Release;
		};
/* End XCConfigurationList section */
	};
	rootObject = 3A3BBDE81C7A31F300A93376 /* Project object */;
}
